
Microsoft Visual Studio Solution File, Format Version 12.00
# Visual Studio 15
VisualStudioVersion = 15.0.27428.2037
MinimumVisualStudioVersion = 10.0.40219.1
Project("{FAE04EC0-301F-11D3-BF4B-00C04F79EFBC}") = "Prototype1", "Prototype1\Prototype1.csproj", "{BB80D6E0-CB4F-4D48-A986-D8865B7E1F63}"
EndProject
Project("{FAE04EC0-301F-11D3-BF4B-00C04F79EFBC}") = "World", "..\World\World.csproj", "{3ADD3F66-DCCF-43DC-ADA3-94162CA44190}"
EndProject
Project("{FAE04EC0-301F-11D3-BF4B-00C04F79EFBC}") = "World.Test", "World.Test\World.Test.csproj", "{D3AD527A-6879-4D2A-85FD-569D186BDDEE}"
EndProject
Global
	GlobalSection(SolutionConfigurationPlatforms) = preSolution
		Debug|Any CPU = Debug|Any CPU
		Release|Any CPU = Release|Any CPU
	EndGlobalSection
	GlobalSection(ProjectConfigurationPlatforms) = postSolution
		{BB80D6E0-CB4F-4D48-A986-D8865B7E1F63}.Debug|Any CPU.ActiveCfg = Debug|Any CPU
		{BB80D6E0-CB4F-4D48-A986-D8865B7E1F63}.Debug|Any CPU.Build.0 = Debug|Any CPU
		{BB80D6E0-CB4F-4D48-A986-D8865B7E1F63}.Release|Any CPU.ActiveCfg = Release|Any CPU
		{BB80D6E0-CB4F-4D48-A986-D8865B7E1F63}.Release|Any CPU.Build.0 = Release|Any CPU
		{3ADD3F66-DCCF-43DC-ADA3-94162CA44190}.Debug|Any CPU.ActiveCfg = Debug|Any CPU
		{3ADD3F66-DCCF-43DC-ADA3-94162CA44190}.Debug|Any CPU.Build.0 = Debug|Any CPU
		{3ADD3F66-DCCF-43DC-ADA3-94162CA44190}.Release|Any CPU.ActiveCfg = Release|Any CPU
		{3ADD3F66-DCCF-43DC-ADA3-94162CA44190}.Release|Any CPU.Build.0 = Release|Any CPU
		{D3AD527A-6879-4D2A-85FD-569D186BDDEE}.Debug|Any CPU.ActiveCfg = Debug|Any CPU
		{D3AD527A-6879-4D2A-85FD-569D186BDDEE}.Debug|Any CPU.Build.0 = Debug|Any CPU
		{D3AD527A-6879-4D2A-85FD-569D186BDDEE}.Release|Any CPU.ActiveCfg = Release|Any CPU
		{D3AD527A-6879-4D2A-85FD-569D186BDDEE}.Release|Any CPU.Build.0 = Release|Any CPU
	EndGlobalSection
	GlobalSection(SolutionProperties) = preSolution
		HideSolutionNode = FALSE
	EndGlobalSection
	GlobalSection(ExtensibilityGlobals) = postSolution
		SolutionGuid = {B36979C5-329D-4ABE-9BE9-959A841EA738}
	EndGlobalSection
EndGlobal
