
Microsoft Visual Studio Solution File, Format Version 12.00
# Visual Studio 15
VisualStudioVersion = 15.0.27703.2026
MinimumVisualStudioVersion = 10.0.40219.1
Project("{FAE04EC0-301F-11D3-BF4B-00C04F79EFBC}") = "Assembly-CSharp", "Assembly-CSharp.csproj", "{26005786-6F87-D14A-9974-E2C6B23063D5}"
EndProject
Project("{FAE04EC0-301F-11D3-BF4B-00C04F79EFBC}") = "Assembly-CSharp-Editor", "Assembly-CSharp-Editor.csproj", "{CBDDC979-77DC-F948-58EF-C9A9FC9F4977}"
EndProject
Global
	GlobalSection(SolutionConfigurationPlatforms) = preSolution
		Debug|Any CPU = Debug|Any CPU
		Release|Any CPU = Release|Any CPU
	EndGlobalSection
	GlobalSection(ProjectConfigurationPlatforms) = postSolution
		{26005786-6F87-D14A-9974-E2C6B23063D5}.Debug|Any CPU.ActiveCfg = Debug|Any CPU
		{26005786-6F87-D14A-9974-E2C6B23063D5}.Debug|Any CPU.Build.0 = Debug|Any CPU
		{26005786-6F87-D14A-9974-E2C6B23063D5}.Release|Any CPU.ActiveCfg = Release|Any CPU
		{26005786-6F87-D14A-9974-E2C6B23063D5}.Release|Any CPU.Build.0 = Release|Any CPU
		{CBDDC979-77DC-F948-58EF-C9A9FC9F4977}.Debug|Any CPU.ActiveCfg = Debug|Any CPU
		{CBDDC979-77DC-F948-58EF-C9A9FC9F4977}.Debug|Any CPU.Build.0 = Debug|Any CPU
		{CBDDC979-77DC-F948-58EF-C9A9FC9F4977}.Release|Any CPU.ActiveCfg = Release|Any CPU
		{CBDDC979-77DC-F948-58EF-C9A9FC9F4977}.Release|Any CPU.Build.0 = Release|Any CPU
	EndGlobalSection
	GlobalSection(SolutionProperties) = preSolution
		HideSolutionNode = FALSE
	EndGlobalSection
	GlobalSection(ExtensibilityGlobals) = postSolution
		SolutionGuid = {5F3A21D4-B676-4E19-A441-B63FA3E9E0B8}
	EndGlobalSection
EndGlobal
